
Microsoft Visual Studio Solution File, Format Version 12.00
# Visual Studio Version 17
VisualStudioVersion = 17.2.32526.322
MinimumVisualStudioVersion = 10.0.40219.1
Project("{FAE04EC0-301F-11D3-BF4B-00C04F79EFBC}") = "TAL", "TAL.csproj", "{DEB5188C-3118-4F12-8288-A67D7AF8AD6B}"
EndProject
Global
	GlobalSection(SolutionConfigurationPlatforms) = preSolution
		Debug|Any CPU = Debug|Any CPU
		Release|Any CPU = Release|Any CPU
	EndGlobalSection
	GlobalSection(ProjectConfigurationPlatforms) = postSolution
		{DEB5188C-3118-4F12-8288-A67D7AF8AD6B}.Debug|Any CPU.ActiveCfg = Debug|Any CPU
		{DEB5188C-3118-4F12-8288-A67D7AF8AD6B}.Debug|Any CPU.Build.0 = Debug|Any CPU
		{DEB5188C-3118-4F12-8288-A67D7AF8AD6B}.Release|Any CPU.ActiveCfg = Release|Any CPU
		{DEB5188C-3118-4F12-8288-A67D7AF8AD6B}.Release|Any CPU.Build.0 = Release|Any CPU
	EndGlobalSection
	GlobalSection(SolutionProperties) = preSolution
		HideSolutionNode = FALSE
	EndGlobalSection
	GlobalSection(ExtensibilityGlobals) = postSolution
		SolutionGuid = {1AD31E26-C7B8-4DDE-97F1-9645211DC830}
	EndGlobalSection
EndGlobal
